
Microsoft Visual Studio Solution File, Format Version 12.00
Project("{FAE04EC0-301F-11D3-BF4B-00C04F79EFBC}") = "SilikaHorlogo", "SilikaHorlogo\SilikaHorlogo.csproj", "{06BB98C4-4023-4293-A609-1BB6A4D40E32}"
EndProject
Project("{FAE04EC0-301F-11D3-BF4B-00C04F79EFBC}") = "SilikaHorlogo.Android", "SilikaHorlogo.Android\SilikaHorlogo.Android.csproj", "{5B8CD279-EAA7-42CC-AF69-4855DA9CB283}"
EndProject
Project("{FAE04EC0-301F-11D3-BF4B-00C04F79EFBC}") = "SilikaHorlogo.iOS", "SilikaHorlogo.iOS\SilikaHorlogo.iOS.csproj", "{F87BC4B0-E368-455E-86AF-91A943877EC2}"
EndProject
Global
	GlobalSection(SolutionConfigurationPlatforms) = preSolution
		Ad-Hoc|iPhone = Ad-Hoc|iPhone
		AppStore|iPhone = AppStore|iPhone
		Debug|Any CPU = Debug|Any CPU
		Debug|iPhone = Debug|iPhone
		Debug|iPhoneSimulator = Debug|iPhoneSimulator
		Release|Any CPU = Release|Any CPU
		Release|iPhone = Release|iPhone
		Release|iPhoneSimulator = Release|iPhoneSimulator
	EndGlobalSection
	GlobalSection(ProjectConfigurationPlatforms) = postSolution
		{06BB98C4-4023-4293-A609-1BB6A4D40E32}.Ad-Hoc|iPhone.ActiveCfg = Debug|Any CPU
		{06BB98C4-4023-4293-A609-1BB6A4D40E32}.Ad-Hoc|iPhone.Build.0 = Debug|Any CPU
		{06BB98C4-4023-4293-A609-1BB6A4D40E32}.AppStore|iPhone.ActiveCfg = Debug|Any CPU
		{06BB98C4-4023-4293-A609-1BB6A4D40E32}.AppStore|iPhone.Build.0 = Debug|Any CPU
		{06BB98C4-4023-4293-A609-1BB6A4D40E32}.Debug|Any CPU.ActiveCfg = Debug|Any CPU
		{06BB98C4-4023-4293-A609-1BB6A4D40E32}.Debug|Any CPU.Build.0 = Debug|Any CPU
		{06BB98C4-4023-4293-A609-1BB6A4D40E32}.Debug|iPhone.ActiveCfg = Debug|Any CPU
		{06BB98C4-4023-4293-A609-1BB6A4D40E32}.Debug|iPhone.Build.0 = Debug|Any CPU
		{06BB98C4-4023-4293-A609-1BB6A4D40E32}.Debug|iPhoneSimulator.ActiveCfg = Debug|Any CPU
		{06BB98C4-4023-4293-A609-1BB6A4D40E32}.Debug|iPhoneSimulator.Build.0 = Debug|Any CPU
		{06BB98C4-4023-4293-A609-1BB6A4D40E32}.Release|Any CPU.ActiveCfg = Release|Any CPU
		{06BB98C4-4023-4293-A609-1BB6A4D40E32}.Release|Any CPU.Build.0 = Release|Any CPU
		{06BB98C4-4023-4293-A609-1BB6A4D40E32}.Release|iPhone.ActiveCfg = Release|Any CPU
		{06BB98C4-4023-4293-A609-1BB6A4D40E32}.Release|iPhone.Build.0 = Release|Any CPU
		{06BB98C4-4023-4293-A609-1BB6A4D40E32}.Release|iPhoneSimulator.ActiveCfg = Release|Any CPU
		{06BB98C4-4023-4293-A609-1BB6A4D40E32}.Release|iPhoneSimulator.Build.0 = Release|Any CPU
		{5B8CD279-EAA7-42CC-AF69-4855DA9CB283}.Ad-Hoc|iPhone.ActiveCfg = Debug|Any CPU
		{5B8CD279-EAA7-42CC-AF69-4855DA9CB283}.Ad-Hoc|iPhone.Build.0 = Debug|Any CPU
		{5B8CD279-EAA7-42CC-AF69-4855DA9CB283}.Ad-Hoc|iPhone.Deploy.0 = Debug|Any CPU
		{5B8CD279-EAA7-42CC-AF69-4855DA9CB283}.AppStore|iPhone.ActiveCfg = Debug|Any CPU
		{5B8CD279-EAA7-42CC-AF69-4855DA9CB283}.AppStore|iPhone.Build.0 = Debug|Any CPU
		{5B8CD279-EAA7-42CC-AF69-4855DA9CB283}.AppStore|iPhone.Deploy.0 = Debug|Any CPU
		{5B8CD279-EAA7-42CC-AF69-4855DA9CB283}.Debug|Any CPU.ActiveCfg = Debug|Any CPU
		{5B8CD279-EAA7-42CC-AF69-4855DA9CB283}.Debug|Any CPU.Build.0 = Debug|Any CPU
		{5B8CD279-EAA7-42CC-AF69-4855DA9CB283}.Debug|Any CPU.Deploy.0 = Debug|Any CPU
		{5B8CD279-EAA7-42CC-AF69-4855DA9CB283}.Debug|iPhone.ActiveCfg = Debug|Any CPU
		{5B8CD279-EAA7-42CC-AF69-4855DA9CB283}.Debug|iPhone.Build.0 = Debug|Any CPU
		{5B8CD279-EAA7-42CC-AF69-4855DA9CB283}.Debug|iPhone.Deploy.0 = Debug|Any CPU
		{5B8CD279-EAA7-42CC-AF69-4855DA9CB283}.Debug|iPhoneSimulator.ActiveCfg = Debug|Any CPU
		{5B8CD279-EAA7-42CC-AF69-4855DA9CB283}.Debug|iPhoneSimulator.Build.0 = Debug|Any CPU
		{5B8CD279-EAA7-42CC-AF69-4855DA9CB283}.Debug|iPhoneSimulator.Deploy.0 = Debug|Any CPU
		{5B8CD279-EAA7-42CC-AF69-4855DA9CB283}.Release|Any CPU.ActiveCfg = Release|Any CPU
		{5B8CD279-EAA7-42CC-AF69-4855DA9CB283}.Release|Any CPU.Build.0 = Release|Any CPU
		{5B8CD279-EAA7-42CC-AF69-4855DA9CB283}.Release|Any CPU.Deploy.0 = Release|Any CPU
		{5B8CD279-EAA7-42CC-AF69-4855DA9CB283}.Release|iPhone.ActiveCfg = Release|Any CPU
		{5B8CD279-EAA7-42CC-AF69-4855DA9CB283}.Release|iPhone.Build.0 = Release|Any CPU
		{5B8CD279-EAA7-42CC-AF69-4855DA9CB283}.Release|iPhone.Deploy.0 = Release|Any CPU
		{5B8CD279-EAA7-42CC-AF69-4855DA9CB283}.Release|iPhoneSimulator.ActiveCfg = Release|Any CPU
		{5B8CD279-EAA7-42CC-AF69-4855DA9CB283}.Release|iPhoneSimulator.Build.0 = Release|Any CPU
		{5B8CD279-EAA7-42CC-AF69-4855DA9CB283}.Release|iPhoneSimulator.Deploy.0 = Release|Any CPU
		{F87BC4B0-E368-455E-86AF-91A943877EC2}.Ad-Hoc|iPhone.ActiveCfg = Ad-Hoc|iPhone
		{F87BC4B0-E368-455E-86AF-91A943877EC2}.Ad-Hoc|iPhone.Build.0 = Ad-Hoc|iPhone
		{F87BC4B0-E368-455E-86AF-91A943877EC2}.Ad-Hoc|iPhone.Deploy.0 = Ad-Hoc|iPhone
		{F87BC4B0-E368-455E-86AF-91A943877EC2}.AppStore|iPhone.ActiveCfg = AppStore|iPhone
		{F87BC4B0-E368-455E-86AF-91A943877EC2}.AppStore|iPhone.Build.0 = AppStore|iPhone
		{F87BC4B0-E368-455E-86AF-91A943877EC2}.AppStore|iPhone.Deploy.0 = AppStore|iPhone
		{F87BC4B0-E368-455E-86AF-91A943877EC2}.Debug|Any CPU.ActiveCfg = Debug|iPhoneSimulator
		{F87BC4B0-E368-455E-86AF-91A943877EC2}.Debug|Any CPU.Build.0 = Debug|iPhoneSimulator
		{F87BC4B0-E368-455E-86AF-91A943877EC2}.Debug|Any CPU.Deploy.0 = Debug|iPhoneSimulator
		{F87BC4B0-E368-455E-86AF-91A943877EC2}.Debug|iPhone.ActiveCfg = Debug|iPhone
		{F87BC4B0-E368-455E-86AF-91A943877EC2}.Debug|iPhone.Build.0 = Debug|iPhone
		{F87BC4B0-E368-455E-86AF-91A943877EC2}.Debug|iPhone.Deploy.0 = Debug|iPhone
		{F87BC4B0-E368-455E-86AF-91A943877EC2}.Debug|iPhoneSimulator.ActiveCfg = Debug|iPhoneSimulator
		{F87BC4B0-E368-455E-86AF-91A943877EC2}.Debug|iPhoneSimulator.Build.0 = Debug|iPhoneSimulator
		{F87BC4B0-E368-455E-86AF-91A943877EC2}.Debug|iPhoneSimulator.Deploy.0 = Debug|iPhoneSimulator
		{F87BC4B0-E368-455E-86AF-91A943877EC2}.Release|Any CPU.ActiveCfg = Release|iPhoneSimulator
		{F87BC4B0-E368-455E-86AF-91A943877EC2}.Release|Any CPU.Build.0 = Release|iPhoneSimulator
		{F87BC4B0-E368-455E-86AF-91A943877EC2}.Release|Any CPU.Deploy.0 = Release|iPhoneSimulator
		{F87BC4B0-E368-455E-86AF-91A943877EC2}.Release|iPhone.ActiveCfg = Release|iPhone
		{F87BC4B0-E368-455E-86AF-91A943877EC2}.Release|iPhone.Build.0 = Release|iPhone
		{F87BC4B0-E368-455E-86AF-91A943877EC2}.Release|iPhone.Deploy.0 = Release|iPhone
		{F87BC4B0-E368-455E-86AF-91A943877EC2}.Release|iPhoneSimulator.ActiveCfg = Release|iPhoneSimulator
		{F87BC4B0-E368-455E-86AF-91A943877EC2}.Release|iPhoneSimulator.Build.0 = Release|iPhoneSimulator
		{F87BC4B0-E368-455E-86AF-91A943877EC2}.Release|iPhoneSimulator.Deploy.0 = Release|iPhoneSimulator
	EndGlobalSection
EndGlobal
